
Microsoft Visual Studio Solution File, Format Version 12.00
# Visual Studio Version 17
VisualStudioVersion = 17.5.33627.172
MinimumVisualStudioVersion = 10.0.40219.1
Project("{FAE04EC0-301F-11D3-BF4B-00C04F79EFBC}") = "charmander", "charmander.cs\charmander.csproj", "{8CA4B48D-5241-44B1-9035-EB3ECBF717C0}"
EndProject
Global
	GlobalSection(SolutionConfigurationPlatforms) = preSolution
		Debug|Any CPU = Debug|Any CPU
		Release|Any CPU = Release|Any CPU
	EndGlobalSection
	GlobalSection(ProjectConfigurationPlatforms) = postSolution
		{8CA4B48D-5241-44B1-9035-EB3ECBF717C0}.Debug|Any CPU.ActiveCfg = Debug|Any CPU
		{8CA4B48D-5241-44B1-9035-EB3ECBF717C0}.Debug|Any CPU.Build.0 = Debug|Any CPU
		{8CA4B48D-5241-44B1-9035-EB3ECBF717C0}.Release|Any CPU.ActiveCfg = Release|Any CPU
		{8CA4B48D-5241-44B1-9035-EB3ECBF717C0}.Release|Any CPU.Build.0 = Release|Any CPU
	EndGlobalSection
	GlobalSection(SolutionProperties) = preSolution
		HideSolutionNode = FALSE
	EndGlobalSection
	GlobalSection(ExtensibilityGlobals) = postSolution
		SolutionGuid = {5F664695-2350-4100-A4A4-7E1E9F165849}
	EndGlobalSection
EndGlobal
